
Microsoft Visual Studio Solution File, Format Version 12.00
# Visual Studio Version 17
VisualStudioVersion = 17.11.35222.181
MinimumVisualStudioVersion = 10.0.40219.1
Project("{FAE04EC0-301F-11D3-BF4B-00C04F79EFBC}") = "ejercicio1", "ejercicio1\ejercicio1.csproj", "{C403DB7D-9943-44A3-982E-069BAC58A026}"
EndProject
Project("{FAE04EC0-301F-11D3-BF4B-00C04F79EFBC}") = "ejercicio2", "ejercicio2\ejercicio2.csproj", "{6B69F513-FD6E-424D-8DF9-A306AE58560A}"
EndProject
Global
	GlobalSection(SolutionConfigurationPlatforms) = preSolution
		Debug|Any CPU = Debug|Any CPU
		Release|Any CPU = Release|Any CPU
	EndGlobalSection
	GlobalSection(ProjectConfigurationPlatforms) = postSolution
		{C403DB7D-9943-44A3-982E-069BAC58A026}.Debug|Any CPU.ActiveCfg = Debug|Any CPU
		{C403DB7D-9943-44A3-982E-069BAC58A026}.Debug|Any CPU.Build.0 = Debug|Any CPU
		{C403DB7D-9943-44A3-982E-069BAC58A026}.Release|Any CPU.ActiveCfg = Release|Any CPU
		{C403DB7D-9943-44A3-982E-069BAC58A026}.Release|Any CPU.Build.0 = Release|Any CPU
		{6B69F513-FD6E-424D-8DF9-A306AE58560A}.Debug|Any CPU.ActiveCfg = Debug|Any CPU
		{6B69F513-FD6E-424D-8DF9-A306AE58560A}.Debug|Any CPU.Build.0 = Debug|Any CPU
		{6B69F513-FD6E-424D-8DF9-A306AE58560A}.Release|Any CPU.ActiveCfg = Release|Any CPU
		{6B69F513-FD6E-424D-8DF9-A306AE58560A}.Release|Any CPU.Build.0 = Release|Any CPU
	EndGlobalSection
	GlobalSection(SolutionProperties) = preSolution
		HideSolutionNode = FALSE
	EndGlobalSection
	GlobalSection(ExtensibilityGlobals) = postSolution
		SolutionGuid = {F428F938-4ADB-4F60-8306-75B8213A018D}
	EndGlobalSection
EndGlobal
